{
  "name": "chatgpt-bridge",
  "version": "1.0.0",
  "lockfileVersion": 3,
  "requires": true,
  "packages": {
    "": {
      "name": "chatgpt-bridge",
      "version": "1.0.0",
      "license": "ISC",
      "dependencies": {
        "codex-chatgpt-control": "^0.1.0-alpha.1",
        "playwright-core": "^1.61.1"
      }
    },
    "node_modules/codex-chatgpt-control": {
      "version": "0.1.0-alpha.1",
      "resolved": "https://registry.npmjs.org/codex-chatgpt-control/-/codex-chatgpt-control-0.1.0-alpha.1.tgz",
      "integrity": "sha512-Q1AL/BI+QdQD67YHTFRIIJ4pXcKMaXq3Bzw9wobbb/rG88B8Kug3MlZ1dfmeQyrKHWcGM9L8dFaHIb72PWXW4A==",
      "license": "MIT",
      "bin": {
        "codex-chatgpt-control-backend": "dist/src/scripts/backend-server.js"
      },
      "engines": {
        "node": ">=20"
      }
    },
    "node_modules/playwright-core": {
      "version": "1.61.1",
      "resolved": "https://registry.npmjs.org/playwright-core/-/playwright-core-1.61.1.tgz",
      "integrity": "sha512-h7Qlt6m4REp25qvIdvbDtVmD4LqVXfpRxhORv9L0jzETM05p4fuPJ3dKyuSXQxDSbXnmS79HAgi9589lGSpLkg==",
      "license": "Apache-2.0",
      "bin": {
        "playwright-core": "cli.js"
      },
      "engines": {
        "node": ">=18"
      }
    }
  }
}
